
Microsoft Visual Studio Solution File, Format Version 12.00
# Visual Studio Version 16
VisualStudioVersion = 16.0.29215.179
MinimumVisualStudioVersion = 10.0.40219.1
Project("{FAE04EC0-301F-11D3-BF4B-00C04F79EFBC}") = "Spider", "Spider\Spider.csproj", "{A61B9904-0E7E-40D8-8377-4D6A8EE11089}"
	ProjectSection(ProjectDependencies) = postProject
		{A558F90D-89EB-48BD-A426-EE70F135075B} = {A558F90D-89EB-48BD-A426-EE70F135075B}
		{51A02F6E-5806-468F-A060-953237DB967F} = {51A02F6E-5806-468F-A060-953237DB967F}
	EndProjectSection
EndProject
Project("{9A19103F-16F7-4668-BE54-9A1E7A4F7556}") = "SpiderStandard", "SpiderStandard\SpiderStandard.csproj", "{51A02F6E-5806-468F-A060-953237DB967F}"
EndProject
Project("{9A19103F-16F7-4668-BE54-9A1E7A4F7556}") = "BinTool", "BinTool\BinTool.csproj", "{A558F90D-89EB-48BD-A426-EE70F135075B}"
EndProject
Global
	GlobalSection(SolutionConfigurationPlatforms) = preSolution
		Debug|Any CPU = Debug|Any CPU
		Release|Any CPU = Release|Any CPU
	EndGlobalSection
	GlobalSection(ProjectConfigurationPlatforms) = postSolution
		{A61B9904-0E7E-40D8-8377-4D6A8EE11089}.Debug|Any CPU.ActiveCfg = Debug|Any CPU
		{A61B9904-0E7E-40D8-8377-4D6A8EE11089}.Debug|Any CPU.Build.0 = Debug|Any CPU
		{A61B9904-0E7E-40D8-8377-4D6A8EE11089}.Release|Any CPU.ActiveCfg = Debug|Any CPU
		{A61B9904-0E7E-40D8-8377-4D6A8EE11089}.Release|Any CPU.Build.0 = Debug|Any CPU
		{51A02F6E-5806-468F-A060-953237DB967F}.Debug|Any CPU.ActiveCfg = Debug|Any CPU
		{51A02F6E-5806-468F-A060-953237DB967F}.Debug|Any CPU.Build.0 = Debug|Any CPU
		{51A02F6E-5806-468F-A060-953237DB967F}.Release|Any CPU.ActiveCfg = Debug|Any CPU
		{51A02F6E-5806-468F-A060-953237DB967F}.Release|Any CPU.Build.0 = Debug|Any CPU
		{A558F90D-89EB-48BD-A426-EE70F135075B}.Debug|Any CPU.ActiveCfg = Debug|Any CPU
		{A558F90D-89EB-48BD-A426-EE70F135075B}.Debug|Any CPU.Build.0 = Debug|Any CPU
		{A558F90D-89EB-48BD-A426-EE70F135075B}.Release|Any CPU.ActiveCfg = Debug|Any CPU
		{A558F90D-89EB-48BD-A426-EE70F135075B}.Release|Any CPU.Build.0 = Debug|Any CPU
	EndGlobalSection
	GlobalSection(SolutionProperties) = preSolution
		HideSolutionNode = FALSE
	EndGlobalSection
	GlobalSection(ExtensibilityGlobals) = postSolution
		SolutionGuid = {633F1A16-9C81-40F1-9973-E10B10B860C3}
	EndGlobalSection
EndGlobal
